
Microsoft Visual Studio Solution File, Format Version 12.00
# Visual Studio 14
VisualStudioVersion = 14.0.25420.1
MinimumVisualStudioVersion = 10.0.40219.1
Project("{FAE04EC0-301F-11D3-BF4B-00C04F79EFBC}") = "Chat", "ChatConsole\Chat.csproj", "{FD15FE13-CBF3-4706-B5C3-E18A35BBC150}"
EndProject
Project("{FAE04EC0-301F-11D3-BF4B-00C04F79EFBC}") = "ChatLib", "ChatLib\ChatLib.csproj", "{27CCC268-008E-4A87-A0F1-DDF14C34EDD0}"
EndProject
Global
	GlobalSection(SolutionConfigurationPlatforms) = preSolution
		Debug|Any CPU = Debug|Any CPU
		Release|Any CPU = Release|Any CPU
	EndGlobalSection
	GlobalSection(ProjectConfigurationPlatforms) = postSolution
		{FD15FE13-CBF3-4706-B5C3-E18A35BBC150}.Debug|Any CPU.ActiveCfg = Debug|Any CPU
		{FD15FE13-CBF3-4706-B5C3-E18A35BBC150}.Debug|Any CPU.Build.0 = Debug|Any CPU
		{FD15FE13-CBF3-4706-B5C3-E18A35BBC150}.Release|Any CPU.ActiveCfg = Release|Any CPU
		{FD15FE13-CBF3-4706-B5C3-E18A35BBC150}.Release|Any CPU.Build.0 = Release|Any CPU
		{27CCC268-008E-4A87-A0F1-DDF14C34EDD0}.Debug|Any CPU.ActiveCfg = Debug|Any CPU
		{27CCC268-008E-4A87-A0F1-DDF14C34EDD0}.Debug|Any CPU.Build.0 = Debug|Any CPU
		{27CCC268-008E-4A87-A0F1-DDF14C34EDD0}.Release|Any CPU.ActiveCfg = Release|Any CPU
		{27CCC268-008E-4A87-A0F1-DDF14C34EDD0}.Release|Any CPU.Build.0 = Release|Any CPU
	EndGlobalSection
	GlobalSection(SolutionProperties) = preSolution
		HideSolutionNode = FALSE
	EndGlobalSection
EndGlobal
